
Microsoft Visual Studio Solution File, Format Version 12.00
# Visual Studio 15
Project("{FAE04EC0-301F-11D3-BF4B-00C04F79EFBC}") = "UniGLTF", "UniGLTF.csproj", "{33D2E5B8-EC68-2F78-9F75-9205AE96E78C}"
EndProject
Project("{FAE04EC0-301F-11D3-BF4B-00C04F79EFBC}") = "UniGLTF.Tests", "UniGLTF.Tests.csproj", "{40CE4ED1-0201-88B1-7EB8-CF101DF39742}"
EndProject
Project("{FAE04EC0-301F-11D3-BF4B-00C04F79EFBC}") = "VRM10", "VRM10.csproj", "{9916E1A3-87C0-AFB5-DA8D-EBC4DD3BF9FF}"
EndProject
Project("{FAE04EC0-301F-11D3-BF4B-00C04F79EFBC}") = "UniGLTF.Editor", "UniGLTF.Editor.csproj", "{424309B8-7CA5-6AD1-D56B-7167D96DA861}"
EndProject
Project("{FAE04EC0-301F-11D3-BF4B-00C04F79EFBC}") = "UniHumanoid", "UniHumanoid.csproj", "{60838E21-157A-6005-DF97-C3DE31534F79}"
EndProject
Project("{FAE04EC0-301F-11D3-BF4B-00C04F79EFBC}") = "VRM10.MToon10.Editor", "VRM10.MToon10.Editor.csproj", "{6116A3E3-2182-51FC-0DAC-4EED6C401548}"
EndProject
Project("{FAE04EC0-301F-11D3-BF4B-00C04F79EFBC}") = "UniHumanoid.Editor", "UniHumanoid.Editor.csproj", "{E5A78CF6-A406-727B-F775-761EC712FF56}"
EndProject
Project("{FAE04EC0-301F-11D3-BF4B-00C04F79EFBC}") = "VrmLib", "VrmLib.csproj", "{06315707-4BF4-27C8-A64D-65C5C8DB7836}"
EndProject
Project("{FAE04EC0-301F-11D3-BF4B-00C04F79EFBC}") = "Assembly-CSharp", "Assembly-CSharp.csproj", "{A513BC8D-6A7D-D6C5-EEBE-D27CF600D276}"
EndProject
Project("{FAE04EC0-301F-11D3-BF4B-00C04F79EFBC}") = "SpringBoneJobs", "SpringBoneJobs.csproj", "{150A3349-64E5-E44B-F4B8-7BA79BE314C2}"
EndProject
Project("{FAE04EC0-301F-11D3-BF4B-00C04F79EFBC}") = "VRM10.Editor", "VRM10.Editor.csproj", "{6B55E754-6798-5AD9-2A01-70C94F0410B2}"
EndProject
Project("{FAE04EC0-301F-11D3-BF4B-00C04F79EFBC}") = "VRM10.MToon10", "VRM10.MToon10.csproj", "{209F64DA-7C4E-6E75-0DAE-C0D0399D7E4A}"
EndProject
Project("{FAE04EC0-301F-11D3-BF4B-00C04F79EFBC}") = "Assembly-CSharp-Editor", "Assembly-CSharp-Editor.csproj", "{B728BA6F-BB4A-66B9-57A2-597CAD6A31B0}"
EndProject
Project("{FAE04EC0-301F-11D3-BF4B-00C04F79EFBC}") = "VrmLibTests", "VrmLibTests.csproj", "{DB942A93-A5EE-1D5D-CA0A-0C6703D21159}"
EndProject
Project("{FAE04EC0-301F-11D3-BF4B-00C04F79EFBC}") = "UniGLTF.UniUnlit", "UniGLTF.UniUnlit.csproj", "{FD01DC46-2984-B6C9-B6CF-753B0CECE7BA}"
EndProject
Project("{FAE04EC0-301F-11D3-BF4B-00C04F79EFBC}") = "VRM10.Tests", "VRM10.Tests.csproj", "{919EBD7C-EF04-124F-1223-1D2A245190EA}"
EndProject
Project("{FAE04EC0-301F-11D3-BF4B-00C04F79EFBC}") = "UniGLTF.Utils", "UniGLTF.Utils.csproj", "{95CEE5AB-695B-81F3-F440-52BDF4E820EE}"
EndProject
Project("{FAE04EC0-301F-11D3-BF4B-00C04F79EFBC}") = "UniHumanoid.Editor.Tests", "UniHumanoid.Editor.Tests.csproj", "{45F46054-842E-BD21-9BD1-8C76AF91DF9B}"
EndProject
Project("{FAE04EC0-301F-11D3-BF4B-00C04F79EFBC}") = "VRM10.MToon10.Tests", "VRM10.MToon10.Tests.csproj", "{08A9DEB0-799A-AA90-8500-D60E9F368862}"
EndProject
Project("{FAE04EC0-301F-11D3-BF4B-00C04F79EFBC}") = "UniGLTF.UniUnlit.Editor", "UniGLTF.UniUnlit.Editor.csproj", "{1BBC4817-EE77-27D6-496B-37D8DACD8A2E}"
EndProject
Project("{FAE04EC0-301F-11D3-BF4B-00C04F79EFBC}") = "FastSpringBone10", "FastSpringBone10.csproj", "{E48EEF67-C94E-5778-ACC6-D7A91484016F}"
EndProject
Global
	GlobalSection(SolutionConfigurationPlatforms) = preSolution
		Debug|Any CPU = Debug|Any CPU
		Release|Any CPU = Release|Any CPU
	EndGlobalSection
	GlobalSection(ProjectConfigurationPlatforms) = postSolution
		{33D2E5B8-EC68-2F78-9F75-9205AE96E78C}.Debug|Any CPU.ActiveCfg = Debug|Any CPU
		{33D2E5B8-EC68-2F78-9F75-9205AE96E78C}.Debug|Any CPU.Build.0 = Debug|Any CPU
		{33D2E5B8-EC68-2F78-9F75-9205AE96E78C}.Release|Any CPU.ActiveCfg = Release|Any CPU
		{33D2E5B8-EC68-2F78-9F75-9205AE96E78C}.Release|Any CPU.Build.0 = Release|Any CPU
		{40CE4ED1-0201-88B1-7EB8-CF101DF39742}.Debug|Any CPU.ActiveCfg = Debug|Any CPU
		{40CE4ED1-0201-88B1-7EB8-CF101DF39742}.Debug|Any CPU.Build.0 = Debug|Any CPU
		{40CE4ED1-0201-88B1-7EB8-CF101DF39742}.Release|Any CPU.ActiveCfg = Release|Any CPU
		{40CE4ED1-0201-88B1-7EB8-CF101DF39742}.Release|Any CPU.Build.0 = Release|Any CPU
		{9916E1A3-87C0-AFB5-DA8D-EBC4DD3BF9FF}.Debug|Any CPU.ActiveCfg = Debug|Any CPU
		{9916E1A3-87C0-AFB5-DA8D-EBC4DD3BF9FF}.Debug|Any CPU.Build.0 = Debug|Any CPU
		{9916E1A3-87C0-AFB5-DA8D-EBC4DD3BF9FF}.Release|Any CPU.ActiveCfg = Release|Any CPU
		{9916E1A3-87C0-AFB5-DA8D-EBC4DD3BF9FF}.Release|Any CPU.Build.0 = Release|Any CPU
		{424309B8-7CA5-6AD1-D56B-7167D96DA861}.Debug|Any CPU.ActiveCfg = Debug|Any CPU
		{424309B8-7CA5-6AD1-D56B-7167D96DA861}.Debug|Any CPU.Build.0 = Debug|Any CPU
		{424309B8-7CA5-6AD1-D56B-7167D96DA861}.Release|Any CPU.ActiveCfg = Release|Any CPU
		{424309B8-7CA5-6AD1-D56B-7167D96DA861}.Release|Any CPU.Build.0 = Release|Any CPU
		{60838E21-157A-6005-DF97-C3DE31534F79}.Debug|Any CPU.ActiveCfg = Debug|Any CPU
		{60838E21-157A-6005-DF97-C3DE31534F79}.Debug|Any CPU.Build.0 = Debug|Any CPU
		{60838E21-157A-6005-DF97-C3DE31534F79}.Release|Any CPU.ActiveCfg = Release|Any CPU
		{60838E21-157A-6005-DF97-C3DE31534F79}.Release|Any CPU.Build.0 = Release|Any CPU
		{6116A3E3-2182-51FC-0DAC-4EED6C401548}.Debug|Any CPU.ActiveCfg = Debug|Any CPU
		{6116A3E3-2182-51FC-0DAC-4EED6C401548}.Debug|Any CPU.Build.0 = Debug|Any CPU
		{6116A3E3-2182-51FC-0DAC-4EED6C401548}.Release|Any CPU.ActiveCfg = Release|Any CPU
		{6116A3E3-2182-51FC-0DAC-4EED6C401548}.Release|Any CPU.Build.0 = Release|Any CPU
		{E5A78CF6-A406-727B-F775-761EC712FF56}.Debug|Any CPU.ActiveCfg = Debug|Any CPU
		{E5A78CF6-A406-727B-F775-761EC712FF56}.Debug|Any CPU.Build.0 = Debug|Any CPU
		{E5A78CF6-A406-727B-F775-761EC712FF56}.Release|Any CPU.ActiveCfg = Release|Any CPU
		{E5A78CF6-A406-727B-F775-761EC712FF56}.Release|Any CPU.Build.0 = Release|Any CPU
		{06315707-4BF4-27C8-A64D-65C5C8DB7836}.Debug|Any CPU.ActiveCfg = Debug|Any CPU
		{06315707-4BF4-27C8-A64D-65C5C8DB7836}.Debug|Any CPU.Build.0 = Debug|Any CPU
		{06315707-4BF4-27C8-A64D-65C5C8DB7836}.Release|Any CPU.ActiveCfg = Release|Any CPU
		{06315707-4BF4-27C8-A64D-65C5C8DB7836}.Release|Any CPU.Build.0 = Release|Any CPU
		{A513BC8D-6A7D-D6C5-EEBE-D27CF600D276}.Debug|Any CPU.ActiveCfg = Debug|Any CPU
		{A513BC8D-6A7D-D6C5-EEBE-D27CF600D276}.Debug|Any CPU.Build.0 = Debug|Any CPU
		{A513BC8D-6A7D-D6C5-EEBE-D27CF600D276}.Release|Any CPU.ActiveCfg = Release|Any CPU
		{A513BC8D-6A7D-D6C5-EEBE-D27CF600D276}.Release|Any CPU.Build.0 = Release|Any CPU
		{150A3349-64E5-E44B-F4B8-7BA79BE314C2}.Debug|Any CPU.ActiveCfg = Debug|Any CPU
		{150A3349-64E5-E44B-F4B8-7BA79BE314C2}.Debug|Any CPU.Build.0 = Debug|Any CPU
		{150A3349-64E5-E44B-F4B8-7BA79BE314C2}.Release|Any CPU.ActiveCfg = Release|Any CPU
		{150A3349-64E5-E44B-F4B8-7BA79BE314C2}.Release|Any CPU.Build.0 = Release|Any CPU
		{6B55E754-6798-5AD9-2A01-70C94F0410B2}.Debug|Any CPU.ActiveCfg = Debug|Any CPU
		{6B55E754-6798-5AD9-2A01-70C94F0410B2}.Debug|Any CPU.Build.0 = Debug|Any CPU
		{6B55E754-6798-5AD9-2A01-70C94F0410B2}.Release|Any CPU.ActiveCfg = Release|Any CPU
		{6B55E754-6798-5AD9-2A01-70C94F0410B2}.Release|Any CPU.Build.0 = Release|Any CPU
		{209F64DA-7C4E-6E75-0DAE-C0D0399D7E4A}.Debug|Any CPU.ActiveCfg = Debug|Any CPU
		{209F64DA-7C4E-6E75-0DAE-C0D0399D7E4A}.Debug|Any CPU.Build.0 = Debug|Any CPU
		{209F64DA-7C4E-6E75-0DAE-C0D0399D7E4A}.Release|Any CPU.ActiveCfg = Release|Any CPU
		{209F64DA-7C4E-6E75-0DAE-C0D0399D7E4A}.Release|Any CPU.Build.0 = Release|Any CPU
		{B728BA6F-BB4A-66B9-57A2-597CAD6A31B0}.Debug|Any CPU.ActiveCfg = Debug|Any CPU
		{B728BA6F-BB4A-66B9-57A2-597CAD6A31B0}.Debug|Any CPU.Build.0 = Debug|Any CPU
		{B728BA6F-BB4A-66B9-57A2-597CAD6A31B0}.Release|Any CPU.ActiveCfg = Release|Any CPU
		{B728BA6F-BB4A-66B9-57A2-597CAD6A31B0}.Release|Any CPU.Build.0 = Release|Any CPU
		{DB942A93-A5EE-1D5D-CA0A-0C6703D21159}.Debug|Any CPU.ActiveCfg = Debug|Any CPU
		{DB942A93-A5EE-1D5D-CA0A-0C6703D21159}.Debug|Any CPU.Build.0 = Debug|Any CPU
		{DB942A93-A5EE-1D5D-CA0A-0C6703D21159}.Release|Any CPU.ActiveCfg = Release|Any CPU
		{DB942A93-A5EE-1D5D-CA0A-0C6703D21159}.Release|Any CPU.Build.0 = Release|Any CPU
		{FD01DC46-2984-B6C9-B6CF-753B0CECE7BA}.Debug|Any CPU.ActiveCfg = Debug|Any CPU
		{FD01DC46-2984-B6C9-B6CF-753B0CECE7BA}.Debug|Any CPU.Build.0 = Debug|Any CPU
		{FD01DC46-2984-B6C9-B6CF-753B0CECE7BA}.Release|Any CPU.ActiveCfg = Release|Any CPU
		{FD01DC46-2984-B6C9-B6CF-753B0CECE7BA}.Release|Any CPU.Build.0 = Release|Any CPU
		{919EBD7C-EF04-124F-1223-1D2A245190EA}.Debug|Any CPU.ActiveCfg = Debug|Any CPU
		{919EBD7C-EF04-124F-1223-1D2A245190EA}.Debug|Any CPU.Build.0 = Debug|Any CPU
		{919EBD7C-EF04-124F-1223-1D2A245190EA}.Release|Any CPU.ActiveCfg = Release|Any CPU
		{919EBD7C-EF04-124F-1223-1D2A245190EA}.Release|Any CPU.Build.0 = Release|Any CPU
		{95CEE5AB-695B-81F3-F440-52BDF4E820EE}.Debug|Any CPU.ActiveCfg = Debug|Any CPU
		{95CEE5AB-695B-81F3-F440-52BDF4E820EE}.Debug|Any CPU.Build.0 = Debug|Any CPU
		{95CEE5AB-695B-81F3-F440-52BDF4E820EE}.Release|Any CPU.ActiveCfg = Release|Any CPU
		{95CEE5AB-695B-81F3-F440-52BDF4E820EE}.Release|Any CPU.Build.0 = Release|Any CPU
		{45F46054-842E-BD21-9BD1-8C76AF91DF9B}.Debug|Any CPU.ActiveCfg = Debug|Any CPU
		{45F46054-842E-BD21-9BD1-8C76AF91DF9B}.Debug|Any CPU.Build.0 = Debug|Any CPU
		{45F46054-842E-BD21-9BD1-8C76AF91DF9B}.Release|Any CPU.ActiveCfg = Release|Any CPU
		{45F46054-842E-BD21-9BD1-8C76AF91DF9B}.Release|Any CPU.Build.0 = Release|Any CPU
		{08A9DEB0-799A-AA90-8500-D60E9F368862}.Debug|Any CPU.ActiveCfg = Debug|Any CPU
		{08A9DEB0-799A-AA90-8500-D60E9F368862}.Debug|Any CPU.Build.0 = Debug|Any CPU
		{08A9DEB0-799A-AA90-8500-D60E9F368862}.Release|Any CPU.ActiveCfg = Release|Any CPU
		{08A9DEB0-799A-AA90-8500-D60E9F368862}.Release|Any CPU.Build.0 = Release|Any CPU
		{1BBC4817-EE77-27D6-496B-37D8DACD8A2E}.Debug|Any CPU.ActiveCfg = Debug|Any CPU
		{1BBC4817-EE77-27D6-496B-37D8DACD8A2E}.Debug|Any CPU.Build.0 = Debug|Any CPU
		{1BBC4817-EE77-27D6-496B-37D8DACD8A2E}.Release|Any CPU.ActiveCfg = Release|Any CPU
		{1BBC4817-EE77-27D6-496B-37D8DACD8A2E}.Release|Any CPU.Build.0 = Release|Any CPU
		{E48EEF67-C94E-5778-ACC6-D7A91484016F}.Debug|Any CPU.ActiveCfg = Debug|Any CPU
		{E48EEF67-C94E-5778-ACC6-D7A91484016F}.Debug|Any CPU.Build.0 = Debug|Any CPU
		{E48EEF67-C94E-5778-ACC6-D7A91484016F}.Release|Any CPU.ActiveCfg = Release|Any CPU
		{E48EEF67-C94E-5778-ACC6-D7A91484016F}.Release|Any CPU.Build.0 = Release|Any CPU
	EndGlobalSection
	GlobalSection(SolutionProperties) = preSolution
		HideSolutionNode = FALSE
	EndGlobalSection
EndGlobal
